
Microsoft Visual Studio Solution File, Format Version 12.00
# Visual Studio Version 16
VisualStudioVersion = 16.0.31624.102
MinimumVisualStudioVersion = 10.0.40219.1
Project("{FAE04EC0-301F-11D3-BF4B-00C04F79EFBC}") = "LearningASP.NET MVC", "LearningASP.NET MVC\LearningASP.NET MVC.csproj", "{DD6A8E45-1A17-4C97-823B-505584B53E97}"
EndProject
Global
	GlobalSection(SolutionConfigurationPlatforms) = preSolution
		Debug|Any CPU = Debug|Any CPU
		Release|Any CPU = Release|Any CPU
	EndGlobalSection
	GlobalSection(ProjectConfigurationPlatforms) = postSolution
		{DD6A8E45-1A17-4C97-823B-505584B53E97}.Debug|Any CPU.ActiveCfg = Debug|Any CPU
		{DD6A8E45-1A17-4C97-823B-505584B53E97}.Debug|Any CPU.Build.0 = Debug|Any CPU
		{DD6A8E45-1A17-4C97-823B-505584B53E97}.Release|Any CPU.ActiveCfg = Release|Any CPU
		{DD6A8E45-1A17-4C97-823B-505584B53E97}.Release|Any CPU.Build.0 = Release|Any CPU
	EndGlobalSection
	GlobalSection(SolutionProperties) = preSolution
		HideSolutionNode = FALSE
	EndGlobalSection
	GlobalSection(ExtensibilityGlobals) = postSolution
		SolutionGuid = {9266B49F-7617-45FD-AF39-F978B290776F}
	EndGlobalSection
EndGlobal
